
Microsoft Visual Studio Solution File, Format Version 12.00
# Visual Studio Version 16
VisualStudioVersion = 16.0.29324.140
MinimumVisualStudioVersion = 10.0.40219.1
Project("{9A19103F-16F7-4668-BE54-9A1E7A4F7556}") = "Ddd", "src\Ddd\Ddd.csproj", "{C51F6C0B-DA0D-46B7-8BC0-9EC3A5F2385F}"
EndProject
Project("{FAE04EC0-301F-11D3-BF4B-00C04F79EFBC}") = "Ddd.Tests", "tests\Ddd.Tests\Ddd.Tests.csproj", "{A7BE85A8-97EA-4740-B877-B3CC517BF2E2}"
EndProject
Global
	GlobalSection(SolutionConfigurationPlatforms) = preSolution
		Debug|Any CPU = Debug|Any CPU
		Release|Any CPU = Release|Any CPU
	EndGlobalSection
	GlobalSection(ProjectConfigurationPlatforms) = postSolution
		{C51F6C0B-DA0D-46B7-8BC0-9EC3A5F2385F}.Debug|Any CPU.ActiveCfg = Debug|Any CPU
		{C51F6C0B-DA0D-46B7-8BC0-9EC3A5F2385F}.Debug|Any CPU.Build.0 = Debug|Any CPU
		{C51F6C0B-DA0D-46B7-8BC0-9EC3A5F2385F}.Release|Any CPU.ActiveCfg = Release|Any CPU
		{C51F6C0B-DA0D-46B7-8BC0-9EC3A5F2385F}.Release|Any CPU.Build.0 = Release|Any CPU
		{A7BE85A8-97EA-4740-B877-B3CC517BF2E2}.Debug|Any CPU.ActiveCfg = Debug|Any CPU
		{A7BE85A8-97EA-4740-B877-B3CC517BF2E2}.Debug|Any CPU.Build.0 = Debug|Any CPU
		{A7BE85A8-97EA-4740-B877-B3CC517BF2E2}.Release|Any CPU.ActiveCfg = Release|Any CPU
		{A7BE85A8-97EA-4740-B877-B3CC517BF2E2}.Release|Any CPU.Build.0 = Release|Any CPU
	EndGlobalSection
	GlobalSection(SolutionProperties) = preSolution
		HideSolutionNode = FALSE
	EndGlobalSection
	GlobalSection(ExtensibilityGlobals) = postSolution
		SolutionGuid = {50939AD8-7371-4C22-95A2-1D42C2F830B6}
	EndGlobalSection
EndGlobal
